
Microsoft Visual Studio Solution File, Format Version 12.00
# Visual Studio Version 16
VisualStudioVersion = 16.0.31729.503
MinimumVisualStudioVersion = 10.0.40219.1
Project("{FAE04EC0-301F-11D3-BF4B-00C04F79EFBC}") = "StarWarNaves.Dominio", "StarWarNaves.Dominio\StarWarNaves.Dominio.csproj", "{ABB1661A-AD3D-4621-A6AB-B334043506D5}"
EndProject
Project("{FAE04EC0-301F-11D3-BF4B-00C04F79EFBC}") = "StarWarNaves.DAO", "StarWarNaves.DAO\StarWarNaves.DAO.csproj", "{F7A2E4E0-FD3F-4DAF-A765-76FF1A2D9D70}"
EndProject
Project("{FAE04EC0-301F-11D3-BF4B-00C04F79EFBC}") = "StarWarNaves.Aplicacao", "StarWarNaves.Aplicacao\StarWarNaves.Aplicacao.csproj", "{4CEB030D-8765-461F-AA48-1B3CB928183E}"
EndProject
Project("{FAE04EC0-301F-11D3-BF4B-00C04F79EFBC}") = "StarWarNaves.ControleAcesso", "StarWarNaves.ControleAcesso\StarWarNaves.ControleAcesso.csproj", "{E8701FCA-5C86-40D3-A8E4-34039EF5711D}"
EndProject
Project("{FAE04EC0-301F-11D3-BF4B-00C04F79EFBC}") = "StarWarNaves.Servicos", "StarWarNaves.Servicos\StarWarNaves.Servicos.csproj", "{EBAFB25A-B17C-4767-936C-1AB591599650}"
EndProject
Global
	GlobalSection(SolutionConfigurationPlatforms) = preSolution
		Debug|Any CPU = Debug|Any CPU
		Release|Any CPU = Release|Any CPU
	EndGlobalSection
	GlobalSection(ProjectConfigurationPlatforms) = postSolution
		{ABB1661A-AD3D-4621-A6AB-B334043506D5}.Debug|Any CPU.ActiveCfg = Debug|Any CPU
		{ABB1661A-AD3D-4621-A6AB-B334043506D5}.Debug|Any CPU.Build.0 = Debug|Any CPU
		{ABB1661A-AD3D-4621-A6AB-B334043506D5}.Release|Any CPU.ActiveCfg = Release|Any CPU
		{ABB1661A-AD3D-4621-A6AB-B334043506D5}.Release|Any CPU.Build.0 = Release|Any CPU
		{F7A2E4E0-FD3F-4DAF-A765-76FF1A2D9D70}.Debug|Any CPU.ActiveCfg = Debug|Any CPU
		{F7A2E4E0-FD3F-4DAF-A765-76FF1A2D9D70}.Debug|Any CPU.Build.0 = Debug|Any CPU
		{F7A2E4E0-FD3F-4DAF-A765-76FF1A2D9D70}.Release|Any CPU.ActiveCfg = Release|Any CPU
		{F7A2E4E0-FD3F-4DAF-A765-76FF1A2D9D70}.Release|Any CPU.Build.0 = Release|Any CPU
		{4CEB030D-8765-461F-AA48-1B3CB928183E}.Debug|Any CPU.ActiveCfg = Debug|Any CPU
		{4CEB030D-8765-461F-AA48-1B3CB928183E}.Debug|Any CPU.Build.0 = Debug|Any CPU
		{4CEB030D-8765-461F-AA48-1B3CB928183E}.Release|Any CPU.ActiveCfg = Release|Any CPU
		{4CEB030D-8765-461F-AA48-1B3CB928183E}.Release|Any CPU.Build.0 = Release|Any CPU
		{E8701FCA-5C86-40D3-A8E4-34039EF5711D}.Debug|Any CPU.ActiveCfg = Debug|Any CPU
		{E8701FCA-5C86-40D3-A8E4-34039EF5711D}.Debug|Any CPU.Build.0 = Debug|Any CPU
		{E8701FCA-5C86-40D3-A8E4-34039EF5711D}.Release|Any CPU.ActiveCfg = Release|Any CPU
		{E8701FCA-5C86-40D3-A8E4-34039EF5711D}.Release|Any CPU.Build.0 = Release|Any CPU
		{EBAFB25A-B17C-4767-936C-1AB591599650}.Debug|Any CPU.ActiveCfg = Debug|Any CPU
		{EBAFB25A-B17C-4767-936C-1AB591599650}.Debug|Any CPU.Build.0 = Debug|Any CPU
		{EBAFB25A-B17C-4767-936C-1AB591599650}.Release|Any CPU.ActiveCfg = Release|Any CPU
		{EBAFB25A-B17C-4767-936C-1AB591599650}.Release|Any CPU.Build.0 = Release|Any CPU
	EndGlobalSection
	GlobalSection(SolutionProperties) = preSolution
		HideSolutionNode = FALSE
	EndGlobalSection
	GlobalSection(ExtensibilityGlobals) = postSolution
		SolutionGuid = {4A426468-87E1-447F-9D90-1CC19B15C183}
	EndGlobalSection
EndGlobal
